// !$*UTF8*$!
{
	archiveVersion = 1;
	classes = {
	};
	objectVersion = 56;
	objects = {

/* Begin PBXBuildFile section */
		6F16977E2A8E3F4E0092027A /* RouletteViewModel.swift in Sources */ = {isa = PBXBuildFile; fileRef = 6F16977D2A8E3F4E0092027A /* RouletteViewModel.swift */; };
		6F1697802A8E465F0092027A /* SectorModel.swift in Sources */ = {isa = PBXBuildFile; fileRef = 6F16977F2A8E465F0092027A /* SectorModel.swift */; };
		6F1697822A8E5D6E0092027A /* SectorColor.swift in Sources */ = {isa = PBXBuildFile; fileRef = 6F1697812A8E5D6E0092027A /* SectorColor.swift */; };
		6F1697842A8E5E2C0092027A /* BettingBoardView.swift in Sources */ = {isa = PBXBuildFile; fileRef = 6F1697832A8E5E2C0092027A /* BettingBoardView.swift */; };
		6F1697862A8E5E3E0092027A /* BettingBoardViewModel.swift in Sources */ = {isa = PBXBuildFile; fileRef = 6F1697852A8E5E3E0092027A /* BettingBoardViewModel.swift */; };
		6F16978A2A8E6B420092027A /* SectorMeneger.swift in Sources */ = {isa = PBXBuildFile; fileRef = 6F1697892A8E6B420092027A /* SectorMeneger.swift */; };
		6F1697902A8E732B0092027A /* RouleteTabView.swift in Sources */ = {isa = PBXBuildFile; fileRef = 6F16978F2A8E732B0092027A /* RouleteTabView.swift */; };
		6F1697932A8E80090092027A /* ScreeSize.swift in Sources */ = {isa = PBXBuildFile; fileRef = 6F1697922A8E80090092027A /* ScreeSize.swift */; };
		6F1697952A8E9ADA0092027A /* WhichOf.swift in Sources */ = {isa = PBXBuildFile; fileRef = 6F1697942A8E9ADA0092027A /* WhichOf.swift */; };
		6F1697982A8F64960092027A /* BottomViewStack.swift in Sources */ = {isa = PBXBuildFile; fileRef = 6F1697972A8F64960092027A /* BottomViewStack.swift */; };
		6F16979A2A8F64DE0092027A /* WhichOfTwelveViewStack.swift in Sources */ = {isa = PBXBuildFile; fileRef = 6F1697992A8F64DE0092027A /* WhichOfTwelveViewStack.swift */; };
		6F16979C2A8F65560092027A /* ZeroViewStack.swift in Sources */ = {isa = PBXBuildFile; fileRef = 6F16979B2A8F65560092027A /* ZeroViewStack.swift */; };
		6F16979E2A8F65C40092027A /* SectorsViewStack.swift in Sources */ = {isa = PBXBuildFile; fileRef = 6F16979D2A8F65C40092027A /* SectorsViewStack.swift */; };
		6F1697A02A8F66FE0092027A /* WhichOfTwoInOneViewStack.swift in Sources */ = {isa = PBXBuildFile; fileRef = 6F16979F2A8F66FE0092027A /* WhichOfTwoInOneViewStack.swift */; };
		6FFE35662A8E1F1500956848 /* RouletteAppApp.swift in Sources */ = {isa = PBXBuildFile; fileRef = 6FFE35652A8E1F1500956848 /* RouletteAppApp.swift */; };
		6FFE35682A8E1F1500956848 /* RouletteView.swift in Sources */ = {isa = PBXBuildFile; fileRef = 6FFE35672A8E1F1500956848 /* RouletteView.swift */; };
		6FFE356A2A8E1F1600956848 /* Assets.xcassets in Resources */ = {isa = PBXBuildFile; fileRef = 6FFE35692A8E1F1600956848 /* Assets.xcassets */; };
		6FFE356D2A8E1F1600956848 /* Preview Assets.xcassets in Resources */ = {isa = PBXBuildFile; fileRef = 6FFE356C2A8E1F1600956848 /* Preview Assets.xcassets */; };
/* End PBXBuildFile section */

/* Begin PBXFileReference section */
		6F16977D2A8E3F4E0092027A /* RouletteViewModel.swift */ = {isa = PBXFileReference; lastKnownFileType = sourcecode.swift; path = RouletteViewModel.swift; sourceTree = "<group>"; };
		6F16977F2A8E465F0092027A /* SectorModel.swift */ = {isa = PBXFileReference; lastKnownFileType = sourcecode.swift; path = SectorModel.swift; sourceTree = "<group>"; };
		6F1697812A8E5D6E0092027A /* SectorColor.swift */ = {isa = PBXFileReference; lastKnownFileType = sourcecode.swift; path = SectorColor.swift; sourceTree = "<group>"; };
		6F1697832A8E5E2C0092027A /* BettingBoardView.swift */ = {isa = PBXFileReference; lastKnownFileType = sourcecode.swift; path = BettingBoardView.swift; sourceTree = "<group>"; };
		6F1697852A8E5E3E0092027A /* BettingBoardViewModel.swift */ = {isa = PBXFileReference; lastKnownFileType = sourcecode.swift; path = BettingBoardViewModel.swift; sourceTree = "<group>"; };
		6F1697892A8E6B420092027A /* SectorMeneger.swift */ = {isa = PBXFileReference; lastKnownFileType = sourcecode.swift; path = SectorMeneger.swift; sourceTree = "<group>"; };
		6F16978F2A8E732B0092027A /* RouleteTabView.swift */ = {isa = PBXFileReference; lastKnownFileType = sourcecode.swift; path = RouleteTabView.swift; sourceTree = "<group>"; };
		6F1697922A8E80090092027A /* ScreeSize.swift */ = {isa = PBXFileReference; lastKnownFileType = sourcecode.swift; path = ScreeSize.swift; sourceTree = "<group>"; };
		6F1697942A8E9ADA0092027A /* WhichOf.swift */ = {isa = PBXFileReference; lastKnownFileType = sourcecode.swift; path = WhichOf.swift; sourceTree = "<group>"; };
		6F1697972A8F64960092027A /* BottomViewStack.swift */ = {isa = PBXFileReference; lastKnownFileType = sourcecode.swift; path = BottomViewStack.swift; sourceTree = "<group>"; };
		6F1697992A8F64DE0092027A /* WhichOfTwelveViewStack.swift */ = {isa = PBXFileReference; lastKnownFileType = sourcecode.swift; path = WhichOfTwelveViewStack.swift; sourceTree = "<group>"; };
		6F16979B2A8F65560092027A /* ZeroViewStack.swift */ = {isa = PBXFileReference; lastKnownFileType = sourcecode.swift; path = ZeroViewStack.swift; sourceTree = "<group>"; };
		6F16979D2A8F65C40092027A /* SectorsViewStack.swift */ = {isa = PBXFileReference; lastKnownFileType = sourcecode.swift; path = SectorsViewStack.swift; sourceTree = "<group>"; };
		6F16979F2A8F66FE0092027A /* WhichOfTwoInOneViewStack.swift */ = {isa = PBXFileReference; lastKnownFileType = sourcecode.swift; path = WhichOfTwoInOneViewStack.swift; sourceTree = "<group>"; };
		6FFE35622A8E1F1500956848 /* RouletteApp.app */ = {isa = PBXFileReference; explicitFileType = wrapper.application; includeInIndex = 0; path = RouletteApp.app; sourceTree = BUILT_PRODUCTS_DIR; };
		6FFE35652A8E1F1500956848 /* RouletteAppApp.swift */ = {isa = PBXFileReference; lastKnownFileType = sourcecode.swift; path = RouletteAppApp.swift; sourceTree = "<group>"; };
		6FFE35672A8E1F1500956848 /* RouletteView.swift */ = {isa = PBXFileReference; lastKnownFileType = sourcecode.swift; path = RouletteView.swift; sourceTree = "<group>"; };
		6FFE35692A8E1F1600956848 /* Assets.xcassets */ = {isa = PBXFileReference; lastKnownFileType = folder.assetcatalog; path = Assets.xcassets; sourceTree = "<group>"; };
		6FFE356C2A8E1F1600956848 /* Preview Assets.xcassets */ = {isa = PBXFileReference; lastKnownFileType = folder.assetcatalog; path = "Preview Assets.xcassets"; sourceTree = "<group>"; };
/* End PBXFileReference section */

/* Begin PBXFrameworksBuildPhase section */
		6FFE355F2A8E1F1500956848 /* Frameworks */ = {
			isa = PBXFrameworksBuildPhase;
			buildActionMask = 2147483647;
			files = (
			);
			runOnlyForDeploymentPostprocessing = 0;
		};
/* End PBXFrameworksBuildPhase section */

/* Begin PBXGroup section */
		6F16977C2A8E37610092027A /* Models */ = {
			isa = PBXGroup;
			children = (
				6F16977F2A8E465F0092027A /* SectorModel.swift */,
				6F1697812A8E5D6E0092027A /* SectorColor.swift */,
				6F1697942A8E9ADA0092027A /* WhichOf.swift */,
			);
			path = Models;
			sourceTree = "<group>";
		};
		6F1697872A8E6B1D0092027A /* Menegers */ = {
			isa = PBXGroup;
			children = (
				6F1697892A8E6B420092027A /* SectorMeneger.swift */,
			);
			path = Menegers;
			sourceTree = "<group>";
		};
		6F16978B2A8E71FF0092027A /* BordComponets */ = {
			isa = PBXGroup;
			children = (
				6F1697832A8E5E2C0092027A /* BettingBoardView.swift */,
				6F1697962A8F64610092027A /* ViewStacks */,
				6F1697852A8E5E3E0092027A /* BettingBoardViewModel.swift */,
			);
			path = BordComponets;
			sourceTree = "<group>";
		};
		6F16978C2A8E72150092027A /* RouletteComponets */ = {
			isa = PBXGroup;
			children = (
				6FFE35672A8E1F1500956848 /* RouletteView.swift */,
				6F16977D2A8E3F4E0092027A /* RouletteViewModel.swift */,
			);
			path = RouletteComponets;
			sourceTree = "<group>";
		};
		6F16978D2A8E72520092027A /* RouletteAppTabView */ = {
			isa = PBXGroup;
			children = (
				6F16978E2A8E72B20092027A /* RouleteTabView */,
			);
			path = RouletteAppTabView;
			sourceTree = "<group>";
		};
		6F16978E2A8E72B20092027A /* RouleteTabView */ = {
			isa = PBXGroup;
			children = (
				6F16978F2A8E732B0092027A /* RouleteTabView.swift */,
				6F16978C2A8E72150092027A /* RouletteComponets */,
				6F16978B2A8E71FF0092027A /* BordComponets */,
			);
			path = RouleteTabView;
			sourceTree = "<group>";
		};
		6F1697912A8E7FDA0092027A /* Helper */ = {
			isa = PBXGroup;
			children = (
				6F1697922A8E80090092027A /* ScreeSize.swift */,
			);
			path = Helper;
			sourceTree = "<group>";
		};
		6F1697962A8F64610092027A /* ViewStacks */ = {
			isa = PBXGroup;
			children = (
				6F1697972A8F64960092027A /* BottomViewStack.swift */,
				6F1697992A8F64DE0092027A /* WhichOfTwelveViewStack.swift */,
				6F16979B2A8F65560092027A /* ZeroViewStack.swift */,
				6F16979D2A8F65C40092027A /* SectorsViewStack.swift */,
				6F16979F2A8F66FE0092027A /* WhichOfTwoInOneViewStack.swift */,
			);
			path = ViewStacks;
			sourceTree = "<group>";
		};
		6FFE35592A8E1F1500956848 = {
			isa = PBXGroup;
			children = (
				6FFE35642A8E1F1500956848 /* RouletteApp */,
				6FFE35632A8E1F1500956848 /* Products */,
			);
			sourceTree = "<group>";
		};
		6FFE35632A8E1F1500956848 /* Products */ = {
			isa = PBXGroup;
			children = (
				6FFE35622A8E1F1500956848 /* RouletteApp.app */,
			);
			name = Products;
			sourceTree = "<group>";
		};
		6FFE35642A8E1F1500956848 /* RouletteApp */ = {
			isa = PBXGroup;
			children = (
				6FFE35652A8E1F1500956848 /* RouletteAppApp.swift */,
				6F16978D2A8E72520092027A /* RouletteAppTabView */,
				6F16977C2A8E37610092027A /* Models */,
				6F1697872A8E6B1D0092027A /* Menegers */,
				6F1697912A8E7FDA0092027A /* Helper */,
				6FFE35692A8E1F1600956848 /* Assets.xcassets */,
				6FFE356B2A8E1F1600956848 /* Preview Content */,
			);
			path = RouletteApp;
			sourceTree = "<group>";
		};
		6FFE356B2A8E1F1600956848 /* Preview Content */ = {
			isa = PBXGroup;
			children = (
				6FFE356C2A8E1F1600956848 /* Preview Assets.xcassets */,
			);
			path = "Preview Content";
			sourceTree = "<group>";
		};
/* End PBXGroup section */

/* Begin PBXNativeTarget section */
		6FFE35612A8E1F1500956848 /* RouletteApp */ = {
			isa = PBXNativeTarget;
			buildConfigurationList = 6FFE35702A8E1F1600956848 /* Build configuration list for PBXNativeTarget "RouletteApp" */;
			buildPhases = (
				6FFE355E2A8E1F1500956848 /* Sources */,
				6FFE355F2A8E1F1500956848 /* Frameworks */,
				6FFE35602A8E1F1500956848 /* Resources */,
			);
			buildRules = (
			);
			dependencies = (
			);
			name = RouletteApp;
			productName = RouletteApp;
			productReference = 6FFE35622A8E1F1500956848 /* RouletteApp.app */;
			productType = "com.apple.product-type.application";
		};
/* End PBXNativeTarget section */

/* Begin PBXProject section */
		6FFE355A2A8E1F1500956848 /* Project object */ = {
			isa = PBXProject;
			attributes = {
				BuildIndependentTargetsInParallel = 1;
				LastSwiftUpdateCheck = 1430;
				LastUpgradeCheck = 1430;
				TargetAttributes = {
					6FFE35612A8E1F1500956848 = {
						CreatedOnToolsVersion = 14.3;
					};
				};
			};
			buildConfigurationList = 6FFE355D2A8E1F1500956848 /* Build configuration list for PBXProject "RouletteApp" */;
			compatibilityVersion = "Xcode 14.0";
			developmentRegion = en;
			hasScannedForEncodings = 0;
			knownRegions = (
				en,
				Base,
			);
			mainGroup = 6FFE35592A8E1F1500956848;
			productRefGroup = 6FFE35632A8E1F1500956848 /* Products */;
			projectDirPath = "";
			projectRoot = "";
			targets = (
				6FFE35612A8E1F1500956848 /* RouletteApp */,
			);
		};
/* End PBXProject section */

/* Begin PBXResourcesBuildPhase section */
		6FFE35602A8E1F1500956848 /* Resources */ = {
			isa = PBXResourcesBuildPhase;
			buildActionMask = 2147483647;
			files = (
				6FFE356D2A8E1F1600956848 /* Preview Assets.xcassets in Resources */,
				6FFE356A2A8E1F1600956848 /* Assets.xcassets in Resources */,
			);
			runOnlyForDeploymentPostprocessing = 0;
		};
/* End PBXResourcesBuildPhase section */

/* Begin PBXSourcesBuildPhase section */
		6FFE355E2A8E1F1500956848 /* Sources */ = {
			isa = PBXSourcesBuildPhase;
			buildActionMask = 2147483647;
			files = (
				6F1697822A8E5D6E0092027A /* SectorColor.swift in Sources */,
				6F16978A2A8E6B420092027A /* SectorMeneger.swift in Sources */,
				6F16977E2A8E3F4E0092027A /* RouletteViewModel.swift in Sources */,
				6F1697932A8E80090092027A /* ScreeSize.swift in Sources */,
				6F1697802A8E465F0092027A /* SectorModel.swift in Sources */,
				6F1697A02A8F66FE0092027A /* WhichOfTwoInOneViewStack.swift in Sources */,
				6F1697902A8E732B0092027A /* RouleteTabView.swift in Sources */,
				6F16979A2A8F64DE0092027A /* WhichOfTwelveViewStack.swift in Sources */,
				6F1697952A8E9ADA0092027A /* WhichOf.swift in Sources */,
				6FFE35682A8E1F1500956848 /* RouletteView.swift in Sources */,
				6FFE35662A8E1F1500956848 /* RouletteAppApp.swift in Sources */,
				6F1697842A8E5E2C0092027A /* BettingBoardView.swift in Sources */,
				6F1697982A8F64960092027A /* BottomViewStack.swift in Sources */,
				6F16979E2A8F65C40092027A /* SectorsViewStack.swift in Sources */,
				6F1697862A8E5E3E0092027A /* BettingBoardViewModel.swift in Sources */,
				6F16979C2A8F65560092027A /* ZeroViewStack.swift in Sources */,
			);
			runOnlyForDeploymentPostprocessing = 0;
		};
/* End PBXSourcesBuildPhase section */

/* Begin XCBuildConfiguration section */
		6FFE356E2A8E1F1600956848 /* Debug */ = {
			isa = XCBuildConfiguration;
			buildSettings = {
				ALWAYS_SEARCH_USER_PATHS = NO;
				CLANG_ANALYZER_NONNULL = YES;
				CLANG_ANALYZER_NUMBER_OBJECT_CONVERSION = YES_AGGRESSIVE;
				CLANG_CXX_LANGUAGE_STANDARD = "gnu++20";
				CLANG_ENABLE_MODULES = YES;
				CLANG_ENABLE_OBJC_ARC = YES;
				CLANG_ENABLE_OBJC_WEAK = YES;
				CLANG_WARN_BLOCK_CAPTURE_AUTORELEASING = YES;
				CLANG_WARN_BOOL_CONVERSION = YES;
				CLANG_WARN_COMMA = YES;
				CLANG_WARN_CONSTANT_CONVERSION = YES;
				CLANG_WARN_DEPRECATED_OBJC_IMPLEMENTATIONS = YES;
				CLANG_WARN_DIRECT_OBJC_ISA_USAGE = YES_ERROR;
				CLANG_WARN_DOCUMENTATION_COMMENTS = YES;
				CLANG_WARN_EMPTY_BODY = YES;
				CLANG_WARN_ENUM_CONVERSION = YES;
				CLANG_WARN_INFINITE_RECURSION = YES;
				CLANG_WARN_INT_CONVERSION = YES;
				CLANG_WARN_NON_LITERAL_NULL_CONVERSION = YES;
				CLANG_WARN_OBJC_IMPLICIT_RETAIN_SELF = YES;
				CLANG_WARN_OBJC_LITERAL_CONVERSION = YES;
				CLANG_WARN_OBJC_ROOT_CLASS = YES_ERROR;
				CLANG_WARN_QUOTED_INCLUDE_IN_FRAMEWORK_HEADER = YES;
				CLANG_WARN_RANGE_LOOP_ANALYSIS = YES;
				CLANG_WARN_STRICT_PROTOTYPES = YES;
				CLANG_WARN_SUSPICIOUS_MOVE = YES;
				CLANG_WARN_UNGUARDED_AVAILABILITY = YES_AGGRESSIVE;
				CLANG_WARN_UNREACHABLE_CODE = YES;
				CLANG_WARN__DUPLICATE_METHOD_MATCH = YES;
				COPY_PHASE_STRIP = NO;
				DEBUG_INFORMATION_FORMAT = dwarf;
				ENABLE_STRICT_OBJC_MSGSEND = YES;
				ENABLE_TESTABILITY = YES;
				GCC_C_LANGUAGE_STANDARD = gnu11;
				GCC_DYNAMIC_NO_PIC = NO;
				GCC_NO_COMMON_BLOCKS = YES;
				GCC_OPTIMIZATION_LEVEL = 0;
				GCC_PREPROCESSOR_DEFINITIONS = (
					"DEBUG=1",
					"$(inherited)",
				);
				GCC_WARN_64_TO_32_BIT_CONVERSION = YES;
				GCC_WARN_ABOUT_RETURN_TYPE = YES_ERROR;
				GCC_WARN_UNDECLARED_SELECTOR = YES;
				GCC_WARN_UNINITIALIZED_AUTOS = YES_AGGRESSIVE;
				GCC_WARN_UNUSED_FUNCTION = YES;
				GCC_WARN_UNUSED_VARIABLE = YES;
				IPHONEOS_DEPLOYMENT_TARGET = 16.4;
				MTL_ENABLE_DEBUG_INFO = INCLUDE_SOURCE;
				MTL_FAST_MATH = YES;
				ONLY_ACTIVE_ARCH = YES;
				SDKROOT = iphoneos;
				SWIFT_ACTIVE_COMPILATION_CONDITIONS = DEBUG;
				SWIFT_OPTIMIZATION_LEVEL = "-Onone";
			};
			name = Debug;
		};
		6FFE356F2A8E1F1600956848 /* Release */ = {
			isa = XCBuildConfiguration;
			buildSettings = {
				ALWAYS_SEARCH_USER_PATHS = NO;
				CLANG_ANALYZER_NONNULL = YES;
				CLANG_ANALYZER_NUMBER_OBJECT_CONVERSION = YES_AGGRESSIVE;
				CLANG_CXX_LANGUAGE_STANDARD = "gnu++20";
				CLANG_ENABLE_MODULES = YES;
				CLANG_ENABLE_OBJC_ARC = YES;
				CLANG_ENABLE_OBJC_WEAK = YES;
				CLANG_WARN_BLOCK_CAPTURE_AUTORELEASING = YES;
				CLANG_WARN_BOOL_CONVERSION = YES;
				CLANG_WARN_COMMA = YES;
				CLANG_WARN_CONSTANT_CONVERSION = YES;
				CLANG_WARN_DEPRECATED_OBJC_IMPLEMENTATIONS = YES;
				CLANG_WARN_DIRECT_OBJC_ISA_USAGE = YES_ERROR;
				CLANG_WARN_DOCUMENTATION_COMMENTS = YES;
				CLANG_WARN_EMPTY_BODY = YES;
				CLANG_WARN_ENUM_CONVERSION = YES;
				CLANG_WARN_INFINITE_RECURSION = YES;
				CLANG_WARN_INT_CONVERSION = YES;
				CLANG_WARN_NON_LITERAL_NULL_CONVERSION = YES;
				CLANG_WARN_OBJC_IMPLICIT_RETAIN_SELF = YES;
				CLANG_WARN_OBJC_LITERAL_CONVERSION = YES;
				CLANG_WARN_OBJC_ROOT_CLASS = YES_ERROR;
				CLANG_WARN_QUOTED_INCLUDE_IN_FRAMEWORK_HEADER = YES;
				CLANG_WARN_RANGE_LOOP_ANALYSIS = YES;
				CLANG_WARN_STRICT_PROTOTYPES = YES;
				CLANG_WARN_SUSPICIOUS_MOVE = YES;
				CLANG_WARN_UNGUARDED_AVAILABILITY = YES_AGGRESSIVE;
				CLANG_WARN_UNREACHABLE_CODE = YES;
				CLANG_WARN__DUPLICATE_METHOD_MATCH = YES;
				COPY_PHASE_STRIP = NO;
				DEBUG_INFORMATION_FORMAT = "dwarf-with-dsym";
				ENABLE_NS_ASSERTIONS = NO;
				ENABLE_STRICT_OBJC_MSGSEND = YES;
				GCC_C_LANGUAGE_STANDARD = gnu11;
				GCC_NO_COMMON_BLOCKS = YES;
				GCC_WARN_64_TO_32_BIT_CONVERSION = YES;
				GCC_WARN_ABOUT_RETURN_TYPE = YES_ERROR;
				GCC_WARN_UNDECLARED_SELECTOR = YES;
				GCC_WARN_UNINITIALIZED_AUTOS = YES_AGGRESSIVE;
				GCC_WARN_UNUSED_FUNCTION = YES;
				GCC_WARN_UNUSED_VARIABLE = YES;
				IPHONEOS_DEPLOYMENT_TARGET = 16.4;
				MTL_ENABLE_DEBUG_INFO = NO;
				MTL_FAST_MATH = YES;
				SDKROOT = iphoneos;
				SWIFT_COMPILATION_MODE = wholemodule;
				SWIFT_OPTIMIZATION_LEVEL = "-O";
				VALIDATE_PRODUCT = YES;
			};
			name = Release;
		};
		6FFE35712A8E1F1600956848 /* Debug */ = {
			isa = XCBuildConfiguration;
			buildSettings = {
				ASSETCATALOG_COMPILER_APPICON_NAME = AppIcon;
				ASSETCATALOG_COMPILER_GLOBAL_ACCENT_COLOR_NAME = AccentColor;
				CODE_SIGN_STYLE = Automatic;
				CURRENT_PROJECT_VERSION = 1;
				DEVELOPMENT_ASSET_PATHS = "\"RouletteApp/Preview Content\"";
				DEVELOPMENT_TEAM = WWP74VSGDT;
				ENABLE_PREVIEWS = YES;
				GENERATE_INFOPLIST_FILE = YES;
				INFOPLIST_KEY_UIApplicationSceneManifest_Generation = YES;
				INFOPLIST_KEY_UIApplicationSupportsIndirectInputEvents = YES;
				INFOPLIST_KEY_UILaunchScreen_Generation = YES;
				INFOPLIST_KEY_UISupportedInterfaceOrientations = UIInterfaceOrientationPortrait;
				IPHONEOS_DEPLOYMENT_TARGET = 16.0;
				LD_RUNPATH_SEARCH_PATHS = (
					"$(inherited)",
					"@executable_path/Frameworks",
				);
				MARKETING_VERSION = 1.0;
				PRODUCT_BUNDLE_IDENTIFIER = new.RouletteApp;
				PRODUCT_NAME = "$(TARGET_NAME)";
				SWIFT_EMIT_LOC_STRINGS = YES;
				SWIFT_VERSION = 5.0;
				TARGETED_DEVICE_FAMILY = "1,2";
			};
			name = Debug;
		};
		6FFE35722A8E1F1600956848 /* Release */ = {
			isa = XCBuildConfiguration;
			buildSettings = {
				ASSETCATALOG_COMPILER_APPICON_NAME = AppIcon;
				ASSETCATALOG_COMPILER_GLOBAL_ACCENT_COLOR_NAME = AccentColor;
				CODE_SIGN_STYLE = Automatic;
				CURRENT_PROJECT_VERSION = 1;
				DEVELOPMENT_ASSET_PATHS = "\"RouletteApp/Preview Content\"";
				DEVELOPMENT_TEAM = WWP74VSGDT;
				ENABLE_PREVIEWS = YES;
				GENERATE_INFOPLIST_FILE = YES;
				INFOPLIST_KEY_UIApplicationSceneManifest_Generation = YES;
				INFOPLIST_KEY_UIApplicationSupportsIndirectInputEvents = YES;
				INFOPLIST_KEY_UILaunchScreen_Generation = YES;
				INFOPLIST_KEY_UISupportedInterfaceOrientations = UIInterfaceOrientationPortrait;
				IPHONEOS_DEPLOYMENT_TARGET = 16.0;
				LD_RUNPATH_SEARCH_PATHS = (
					"$(inherited)",
					"@executable_path/Frameworks",
				);
				MARKETING_VERSION = 1.0;
				PRODUCT_BUNDLE_IDENTIFIER = new.RouletteApp;
				PRODUCT_NAME = "$(TARGET_NAME)";
				SWIFT_EMIT_LOC_STRINGS = YES;
				SWIFT_VERSION = 5.0;
				TARGETED_DEVICE_FAMILY = "1,2";
			};
			name = Release;
		};
/* End XCBuildConfiguration section */

/* Begin XCConfigurationList section */
		6FFE355D2A8E1F1500956848 /* Build configuration list for PBXProject "RouletteApp" */ = {
			isa = XCConfigurationList;
			buildConfigurations = (
				6FFE356E2A8E1F1600956848 /* Debug */,
				6FFE356F2A8E1F1600956848 /* Release */,
			);
			defaultConfigurationIsVisible = 0;
			defaultConfigurationName = Release;
		};
		6FFE35702A8E1F1600956848 /* Build configuration list for PBXNativeTarget "RouletteApp" */ = {
			isa = XCConfigurationList;
			buildConfigurations = (
				6FFE35712A8E1F1600956848 /* Debug */,
				6FFE35722A8E1F1600956848 /* Release */,
			);
			defaultConfigurationIsVisible = 0;
			defaultConfigurationName = Release;
		};
/* End XCConfigurationList section */
	};
	rootObject = 6FFE355A2A8E1F1500956848 /* Project object */;
}
